
Microsoft Visual Studio Solution File, Format Version 12.00
Project("{FAE04EC0-301F-11D3-BF4B-00C04F79EFBC}") = "poo", "complement-application\poo\poo.csproj", "{C9E1FD30-B92A-4B3F-AE5F-AFB7D673FA1E}"
EndProject
Project("{FAE04EC0-301F-11D3-BF4B-00C04F79EFBC}") = "heritage", "heritage\heritage.csproj", "{2D4A7763-3125-4C69-80CA-F465D04311A6}"
EndProject
Project("{FAE04EC0-301F-11D3-BF4B-00C04F79EFBC}") = "conditions", "conditions\conditions.csproj", "{A61D543B-4DDD-43D3-9795-41E93A19223F}"
EndProject
Project("{FAE04EC0-301F-11D3-BF4B-00C04F79EFBC}") = "loops", "loops\loops.csproj", "{09F4F444-B519-47FE-A58F-61D52D51E2D2}"
EndProject
Project("{FAE04EC0-301F-11D3-BF4B-00C04F79EFBC}") = "ensembles", "ensembles\ensembles.csproj", "{BDE52317-333D-47A4-85BC-AD223A2ABC31}"
EndProject
Project("{FAE04EC0-301F-11D3-BF4B-00C04F79EFBC}") = "enums", "enums\enums.csproj", "{62217EB2-ECFC-4615-A60D-26051458227A}"
EndProject
Project("{FAE04EC0-301F-11D3-BF4B-00C04F79EFBC}") = "EventApp", "EventApp\EventApp.csproj", "{AE7C042F-0F2E-4CAA-88E9-B7756EFA4BA1}"
EndProject
Project("{FAE04EC0-301F-11D3-BF4B-00C04F79EFBC}") = "referenceAndValueTypes", "referenceAndValueTypes\referenceAndValueTypes.csproj", "{6DF0A32F-FE8F-45DC-8229-A9E66BA37AE1}"
EndProject
Project("{FAE04EC0-301F-11D3-BF4B-00C04F79EFBC}") = "WebApplication1", "WebApplication1\WebApplication1.csproj", "{9F7364E9-3985-4EB8-B3CF-F05B46509D67}"
EndProject
Project("{FAE04EC0-301F-11D3-BF4B-00C04F79EFBC}") = "WebApplication.RazorPages", "WebApplication.RazorPages\WebApplication.RazorPages.csproj", "{F341F44A-503B-4890-878D-5C43FB48697A}"
EndProject
Global
	GlobalSection(SolutionConfigurationPlatforms) = preSolution
		Debug|Any CPU = Debug|Any CPU
		Release|Any CPU = Release|Any CPU
	EndGlobalSection
	GlobalSection(ProjectConfigurationPlatforms) = postSolution
		{C9E1FD30-B92A-4B3F-AE5F-AFB7D673FA1E}.Debug|Any CPU.ActiveCfg = Debug|Any CPU
		{C9E1FD30-B92A-4B3F-AE5F-AFB7D673FA1E}.Debug|Any CPU.Build.0 = Debug|Any CPU
		{C9E1FD30-B92A-4B3F-AE5F-AFB7D673FA1E}.Release|Any CPU.ActiveCfg = Release|Any CPU
		{C9E1FD30-B92A-4B3F-AE5F-AFB7D673FA1E}.Release|Any CPU.Build.0 = Release|Any CPU
		{2D4A7763-3125-4C69-80CA-F465D04311A6}.Debug|Any CPU.ActiveCfg = Debug|Any CPU
		{2D4A7763-3125-4C69-80CA-F465D04311A6}.Debug|Any CPU.Build.0 = Debug|Any CPU
		{2D4A7763-3125-4C69-80CA-F465D04311A6}.Release|Any CPU.ActiveCfg = Release|Any CPU
		{2D4A7763-3125-4C69-80CA-F465D04311A6}.Release|Any CPU.Build.0 = Release|Any CPU
		{A61D543B-4DDD-43D3-9795-41E93A19223F}.Debug|Any CPU.ActiveCfg = Debug|Any CPU
		{A61D543B-4DDD-43D3-9795-41E93A19223F}.Debug|Any CPU.Build.0 = Debug|Any CPU
		{A61D543B-4DDD-43D3-9795-41E93A19223F}.Release|Any CPU.ActiveCfg = Release|Any CPU
		{A61D543B-4DDD-43D3-9795-41E93A19223F}.Release|Any CPU.Build.0 = Release|Any CPU
		{09F4F444-B519-47FE-A58F-61D52D51E2D2}.Debug|Any CPU.ActiveCfg = Debug|Any CPU
		{09F4F444-B519-47FE-A58F-61D52D51E2D2}.Debug|Any CPU.Build.0 = Debug|Any CPU
		{09F4F444-B519-47FE-A58F-61D52D51E2D2}.Release|Any CPU.ActiveCfg = Release|Any CPU
		{09F4F444-B519-47FE-A58F-61D52D51E2D2}.Release|Any CPU.Build.0 = Release|Any CPU
		{BDE52317-333D-47A4-85BC-AD223A2ABC31}.Debug|Any CPU.ActiveCfg = Debug|Any CPU
		{BDE52317-333D-47A4-85BC-AD223A2ABC31}.Debug|Any CPU.Build.0 = Debug|Any CPU
		{BDE52317-333D-47A4-85BC-AD223A2ABC31}.Release|Any CPU.ActiveCfg = Release|Any CPU
		{BDE52317-333D-47A4-85BC-AD223A2ABC31}.Release|Any CPU.Build.0 = Release|Any CPU
		{62217EB2-ECFC-4615-A60D-26051458227A}.Debug|Any CPU.ActiveCfg = Debug|Any CPU
		{62217EB2-ECFC-4615-A60D-26051458227A}.Debug|Any CPU.Build.0 = Debug|Any CPU
		{62217EB2-ECFC-4615-A60D-26051458227A}.Release|Any CPU.ActiveCfg = Release|Any CPU
		{62217EB2-ECFC-4615-A60D-26051458227A}.Release|Any CPU.Build.0 = Release|Any CPU
		{AE7C042F-0F2E-4CAA-88E9-B7756EFA4BA1}.Debug|Any CPU.ActiveCfg = Debug|Any CPU
		{AE7C042F-0F2E-4CAA-88E9-B7756EFA4BA1}.Debug|Any CPU.Build.0 = Debug|Any CPU
		{AE7C042F-0F2E-4CAA-88E9-B7756EFA4BA1}.Release|Any CPU.ActiveCfg = Release|Any CPU
		{AE7C042F-0F2E-4CAA-88E9-B7756EFA4BA1}.Release|Any CPU.Build.0 = Release|Any CPU
		{6DF0A32F-FE8F-45DC-8229-A9E66BA37AE1}.Debug|Any CPU.ActiveCfg = Debug|Any CPU
		{6DF0A32F-FE8F-45DC-8229-A9E66BA37AE1}.Debug|Any CPU.Build.0 = Debug|Any CPU
		{6DF0A32F-FE8F-45DC-8229-A9E66BA37AE1}.Release|Any CPU.ActiveCfg = Release|Any CPU
		{6DF0A32F-FE8F-45DC-8229-A9E66BA37AE1}.Release|Any CPU.Build.0 = Release|Any CPU
		{9F7364E9-3985-4EB8-B3CF-F05B46509D67}.Debug|Any CPU.ActiveCfg = Debug|Any CPU
		{9F7364E9-3985-4EB8-B3CF-F05B46509D67}.Debug|Any CPU.Build.0 = Debug|Any CPU
		{9F7364E9-3985-4EB8-B3CF-F05B46509D67}.Release|Any CPU.ActiveCfg = Release|Any CPU
		{9F7364E9-3985-4EB8-B3CF-F05B46509D67}.Release|Any CPU.Build.0 = Release|Any CPU
		{F341F44A-503B-4890-878D-5C43FB48697A}.Debug|Any CPU.ActiveCfg = Debug|Any CPU
		{F341F44A-503B-4890-878D-5C43FB48697A}.Debug|Any CPU.Build.0 = Debug|Any CPU
		{F341F44A-503B-4890-878D-5C43FB48697A}.Release|Any CPU.ActiveCfg = Release|Any CPU
		{F341F44A-503B-4890-878D-5C43FB48697A}.Release|Any CPU.Build.0 = Release|Any CPU
	EndGlobalSection
EndGlobal
