
Microsoft Visual Studio Solution File, Format Version 12.00
Project("{FAE04EC0-301F-11D3-BF4B-00C04F79EFBC}") = "poo", "complement-application\poo\poo.csproj", "{C9E1FD30-B92A-4B3F-AE5F-AFB7D673FA1E}"
EndProject
Project("{FAE04EC0-301F-11D3-BF4B-00C04F79EFBC}") = "heritage", "heritage\heritage.csproj", "{2D4A7763-3125-4C69-80CA-F465D04311A6}"
EndProject
Global
	GlobalSection(SolutionConfigurationPlatforms) = preSolution
		Debug|Any CPU = Debug|Any CPU
		Release|Any CPU = Release|Any CPU
	EndGlobalSection
	GlobalSection(ProjectConfigurationPlatforms) = postSolution
		{C9E1FD30-B92A-4B3F-AE5F-AFB7D673FA1E}.Debug|Any CPU.ActiveCfg = Debug|Any CPU
		{C9E1FD30-B92A-4B3F-AE5F-AFB7D673FA1E}.Debug|Any CPU.Build.0 = Debug|Any CPU
		{C9E1FD30-B92A-4B3F-AE5F-AFB7D673FA1E}.Release|Any CPU.ActiveCfg = Release|Any CPU
		{C9E1FD30-B92A-4B3F-AE5F-AFB7D673FA1E}.Release|Any CPU.Build.0 = Release|Any CPU
		{2D4A7763-3125-4C69-80CA-F465D04311A6}.Debug|Any CPU.ActiveCfg = Debug|Any CPU
		{2D4A7763-3125-4C69-80CA-F465D04311A6}.Debug|Any CPU.Build.0 = Debug|Any CPU
		{2D4A7763-3125-4C69-80CA-F465D04311A6}.Release|Any CPU.ActiveCfg = Release|Any CPU
		{2D4A7763-3125-4C69-80CA-F465D04311A6}.Release|Any CPU.Build.0 = Release|Any CPU
	EndGlobalSection
EndGlobal
